
Microsoft Visual Studio Solution File, Format Version 12.00
# Visual Studio Version 16
VisualStudioVersion = 16.0.29403.142
MinimumVisualStudioVersion = 10.0.40219.1
Project("{FAE04EC0-301F-11D3-BF4B-00C04F79EFBC}") = "OpusFileGenerator", "OPUSFileGenerator\OpusFileGenerator.csproj", "{72D5B942-6189-4719-ACA9-A460FEDEFAA5}"
EndProject
Project("{2150E333-8FDC-42A3-9474-1A3956D46DE8}") = "Solution Items", "Solution Items", "{153D9F2C-9CD8-4285-A8DF-028D2D49509E}"
	ProjectSection(SolutionItems) = preProject
		Installer\setup.iss = Installer\setup.iss
	EndProjectSection
EndProject
Project("{FAE04EC0-301F-11D3-BF4B-00C04F79EFBC}") = "OpusFileGeneratorTest", "OpusFileGeneratorTest\OpusFileGeneratorTest.csproj", "{BC323852-5FB2-423A-9DBE-B7273E5F68C4}"
EndProject
Global
	GlobalSection(SolutionConfigurationPlatforms) = preSolution
		Debug|Any CPU = Debug|Any CPU
		Release|Any CPU = Release|Any CPU
	EndGlobalSection
	GlobalSection(ProjectConfigurationPlatforms) = postSolution
		{72D5B942-6189-4719-ACA9-A460FEDEFAA5}.Debug|Any CPU.ActiveCfg = Debug|Any CPU
		{72D5B942-6189-4719-ACA9-A460FEDEFAA5}.Debug|Any CPU.Build.0 = Debug|Any CPU
		{72D5B942-6189-4719-ACA9-A460FEDEFAA5}.Release|Any CPU.ActiveCfg = Release|Any CPU
		{72D5B942-6189-4719-ACA9-A460FEDEFAA5}.Release|Any CPU.Build.0 = Release|Any CPU
		{BC323852-5FB2-423A-9DBE-B7273E5F68C4}.Debug|Any CPU.ActiveCfg = Debug|Any CPU
		{BC323852-5FB2-423A-9DBE-B7273E5F68C4}.Debug|Any CPU.Build.0 = Debug|Any CPU
		{BC323852-5FB2-423A-9DBE-B7273E5F68C4}.Release|Any CPU.ActiveCfg = Release|Any CPU
		{BC323852-5FB2-423A-9DBE-B7273E5F68C4}.Release|Any CPU.Build.0 = Release|Any CPU
	EndGlobalSection
	GlobalSection(SolutionProperties) = preSolution
		HideSolutionNode = FALSE
	EndGlobalSection
	GlobalSection(ExtensibilityGlobals) = postSolution
		SolutionGuid = {8E91B8A0-D4EF-48F2-AAB5-11C30AA53D92}
	EndGlobalSection
EndGlobal
